
Microsoft Visual Studio Solution File, Format Version 12.00
# Visual Studio Version 17
VisualStudioVersion = 17.4.33213.308
MinimumVisualStudioVersion = 10.0.40219.1
Project("{FAE04EC0-301F-11D3-BF4B-00C04F79EFBC}") = "GamesGlobalApi", "GamesGlobalApi\GamesGlobalApi.csproj", "{7049D496-FA6D-4F00-9047-52A9975D44C9}"
EndProject
Project("{FAE04EC0-301F-11D3-BF4B-00C04F79EFBC}") = "GamesGlobalCore", "GamesGlobalCore\GamesGlobalCore.csproj", "{AEDADCF1-24ED-43C7-8758-182D6D660E9B}"
EndProject
Project("{FAE04EC0-301F-11D3-BF4B-00C04F79EFBC}") = "GamesGlobalTests", "GamesGlobalTests\GamesGlobalTests.csproj", "{809336D6-167E-4E3C-B711-B94783E87216}"
EndProject
Global
	GlobalSection(SolutionConfigurationPlatforms) = preSolution
		Debug|Any CPU = Debug|Any CPU
		Release|Any CPU = Release|Any CPU
	EndGlobalSection
	GlobalSection(ProjectConfigurationPlatforms) = postSolution
		{7049D496-FA6D-4F00-9047-52A9975D44C9}.Debug|Any CPU.ActiveCfg = Debug|Any CPU
		{7049D496-FA6D-4F00-9047-52A9975D44C9}.Debug|Any CPU.Build.0 = Debug|Any CPU
		{7049D496-FA6D-4F00-9047-52A9975D44C9}.Release|Any CPU.ActiveCfg = Release|Any CPU
		{7049D496-FA6D-4F00-9047-52A9975D44C9}.Release|Any CPU.Build.0 = Release|Any CPU
		{AEDADCF1-24ED-43C7-8758-182D6D660E9B}.Debug|Any CPU.ActiveCfg = Debug|Any CPU
		{AEDADCF1-24ED-43C7-8758-182D6D660E9B}.Debug|Any CPU.Build.0 = Debug|Any CPU
		{AEDADCF1-24ED-43C7-8758-182D6D660E9B}.Release|Any CPU.ActiveCfg = Release|Any CPU
		{AEDADCF1-24ED-43C7-8758-182D6D660E9B}.Release|Any CPU.Build.0 = Release|Any CPU
		{809336D6-167E-4E3C-B711-B94783E87216}.Debug|Any CPU.ActiveCfg = Debug|Any CPU
		{809336D6-167E-4E3C-B711-B94783E87216}.Debug|Any CPU.Build.0 = Debug|Any CPU
		{809336D6-167E-4E3C-B711-B94783E87216}.Release|Any CPU.ActiveCfg = Release|Any CPU
		{809336D6-167E-4E3C-B711-B94783E87216}.Release|Any CPU.Build.0 = Release|Any CPU
	EndGlobalSection
	GlobalSection(SolutionProperties) = preSolution
		HideSolutionNode = FALSE
	EndGlobalSection
	GlobalSection(ExtensibilityGlobals) = postSolution
		SolutionGuid = {CFF208D7-41B8-42EA-9B8E-79336D777D70}
	EndGlobalSection
EndGlobal
